// !$*UTF8*$!
{
	archiveVersion = 1;
	classes = {
	};
	objectVersion = 46;
	objects = {

/* Begin PBXBuildFile section */
		ED90C8E51E5D26AF00C1C61F /* main.m in Sources */ = {isa = PBXBuildFile; fileRef = ED90C8E41E5D26AF00C1C61F /* main.m */; };
		ED90C8EA1E5D26AF00C1C61F /* MainMenu.xib in Resources */ = {isa = PBXBuildFile; fileRef = ED90C8E81E5D26AF00C1C61F /* MainMenu.xib */; };
		ED90C8F31E5D283600C1C61F /* Account.m in Sources */ = {isa = PBXBuildFile; fileRef = ED90C8F21E5D283600C1C61F /* Account.m */; };
		ED90C8F61E5D2F3A00C1C61F /* Profile.m in Sources */ = {isa = PBXBuildFile; fileRef = ED90C8F51E5D2F3A00C1C61F /* Profile.m */; };
		ED90C8F91E5D385800C1C61F /* FeedManager.m in Sources */ = {isa = PBXBuildFile; fileRef = ED90C8F81E5D385800C1C61F /* FeedManager.m */; };
		ED90C8FC1E5D3B7F00C1C61F /* User.m in Sources */ = {isa = PBXBuildFile; fileRef = ED90C8FB1E5D3B7F00C1C61F /* User.m */; };
		ED90C8FF1E5D3C3F00C1C61F /* Attachement.m in Sources */ = {isa = PBXBuildFile; fileRef = ED90C8FE1E5D3C3F00C1C61F /* Attachement.m */; };
		ED90C9021E5D3C4900C1C61F /* Comments.m in Sources */ = {isa = PBXBuildFile; fileRef = ED90C9011E5D3C4900C1C61F /* Comments.m */; };
		ED90C9051E5D3C5400C1C61F /* Like.m in Sources */ = {isa = PBXBuildFile; fileRef = ED90C9041E5D3C5400C1C61F /* Like.m */; };
		ED90C9081E5D4FB500C1C61F /* Post.m in Sources */ = {isa = PBXBuildFile; fileRef = ED90C9071E5D4FB500C1C61F /* Post.m */; };
/* End PBXBuildFile section */

/* Begin PBXFileReference section */
		ED90C8DD1E5D26AF00C1C61F /* LinkedIn.app */ = {isa = PBXFileReference; explicitFileType = wrapper.application; includeInIndex = 0; path = LinkedIn.app; sourceTree = BUILT_PRODUCTS_DIR; };
		ED90C8E41E5D26AF00C1C61F /* main.m */ = {isa = PBXFileReference; lastKnownFileType = sourcecode.c.objc; path = main.m; sourceTree = "<group>"; };
		ED90C8E91E5D26AF00C1C61F /* Base */ = {isa = PBXFileReference; lastKnownFileType = file.xib; name = Base; path = Base.lproj/MainMenu.xib; sourceTree = "<group>"; };
		ED90C8EB1E5D26AF00C1C61F /* Info.plist */ = {isa = PBXFileReference; lastKnownFileType = text.plist.xml; path = Info.plist; sourceTree = "<group>"; };
		ED90C8F11E5D283600C1C61F /* Account.h */ = {isa = PBXFileReference; fileEncoding = 4; lastKnownFileType = sourcecode.c.h; path = Account.h; sourceTree = "<group>"; };
		ED90C8F21E5D283600C1C61F /* Account.m */ = {isa = PBXFileReference; fileEncoding = 4; lastKnownFileType = sourcecode.c.objc; path = Account.m; sourceTree = "<group>"; };
		ED90C8F41E5D2F3A00C1C61F /* Profile.h */ = {isa = PBXFileReference; fileEncoding = 4; lastKnownFileType = sourcecode.c.h; path = Profile.h; sourceTree = "<group>"; };
		ED90C8F51E5D2F3A00C1C61F /* Profile.m */ = {isa = PBXFileReference; fileEncoding = 4; lastKnownFileType = sourcecode.c.objc; path = Profile.m; sourceTree = "<group>"; };
		ED90C8F71E5D385800C1C61F /* FeedManager.h */ = {isa = PBXFileReference; fileEncoding = 4; lastKnownFileType = sourcecode.c.h; path = FeedManager.h; sourceTree = "<group>"; };
		ED90C8F81E5D385800C1C61F /* FeedManager.m */ = {isa = PBXFileReference; fileEncoding = 4; lastKnownFileType = sourcecode.c.objc; path = FeedManager.m; sourceTree = "<group>"; };
		ED90C8FA1E5D3B7F00C1C61F /* User.h */ = {isa = PBXFileReference; fileEncoding = 4; lastKnownFileType = sourcecode.c.h; path = User.h; sourceTree = "<group>"; };
		ED90C8FB1E5D3B7F00C1C61F /* User.m */ = {isa = PBXFileReference; fileEncoding = 4; lastKnownFileType = sourcecode.c.objc; path = User.m; sourceTree = "<group>"; };
		ED90C8FD1E5D3C3F00C1C61F /* Attachement.h */ = {isa = PBXFileReference; fileEncoding = 4; lastKnownFileType = sourcecode.c.h; path = Attachement.h; sourceTree = "<group>"; };
		ED90C8FE1E5D3C3F00C1C61F /* Attachement.m */ = {isa = PBXFileReference; fileEncoding = 4; lastKnownFileType = sourcecode.c.objc; path = Attachement.m; sourceTree = "<group>"; };
		ED90C9001E5D3C4900C1C61F /* Comments.h */ = {isa = PBXFileReference; fileEncoding = 4; lastKnownFileType = sourcecode.c.h; path = Comments.h; sourceTree = "<group>"; };
		ED90C9011E5D3C4900C1C61F /* Comments.m */ = {isa = PBXFileReference; fileEncoding = 4; lastKnownFileType = sourcecode.c.objc; path = Comments.m; sourceTree = "<group>"; };
		ED90C9031E5D3C5400C1C61F /* Like.h */ = {isa = PBXFileReference; fileEncoding = 4; lastKnownFileType = sourcecode.c.h; path = Like.h; sourceTree = "<group>"; };
		ED90C9041E5D3C5400C1C61F /* Like.m */ = {isa = PBXFileReference; fileEncoding = 4; lastKnownFileType = sourcecode.c.objc; path = Like.m; sourceTree = "<group>"; };
		ED90C9061E5D4FB500C1C61F /* Post.h */ = {isa = PBXFileReference; fileEncoding = 4; lastKnownFileType = sourcecode.c.h; path = Post.h; sourceTree = "<group>"; };
		ED90C9071E5D4FB500C1C61F /* Post.m */ = {isa = PBXFileReference; fileEncoding = 4; lastKnownFileType = sourcecode.c.objc; path = Post.m; sourceTree = "<group>"; };
/* End PBXFileReference section */

/* Begin PBXFrameworksBuildPhase section */
		ED90C8DA1E5D26AE00C1C61F /* Frameworks */ = {
			isa = PBXFrameworksBuildPhase;
			buildActionMask = 2147483647;
			files = (
			);
			runOnlyForDeploymentPostprocessing = 0;
		};
/* End PBXFrameworksBuildPhase section */

/* Begin PBXGroup section */
		ED90C8D41E5D26AE00C1C61F = {
			isa = PBXGroup;
			children = (
				ED90C8DF1E5D26AF00C1C61F /* LinkedIn */,
				ED90C8DE1E5D26AF00C1C61F /* Products */,
			);
			sourceTree = "<group>";
		};
		ED90C8DE1E5D26AF00C1C61F /* Products */ = {
			isa = PBXGroup;
			children = (
				ED90C8DD1E5D26AF00C1C61F /* LinkedIn.app */,
			);
			name = Products;
			sourceTree = "<group>";
		};
		ED90C8DF1E5D26AF00C1C61F /* LinkedIn */ = {
			isa = PBXGroup;
			children = (
				ED90C8E81E5D26AF00C1C61F /* MainMenu.xib */,
				ED90C8EB1E5D26AF00C1C61F /* Info.plist */,
				ED90C8F11E5D283600C1C61F /* Account.h */,
				ED90C8F21E5D283600C1C61F /* Account.m */,
				ED90C8F41E5D2F3A00C1C61F /* Profile.h */,
				ED90C8F51E5D2F3A00C1C61F /* Profile.m */,
				ED90C8FA1E5D3B7F00C1C61F /* User.h */,
				ED90C8FB1E5D3B7F00C1C61F /* User.m */,
				ED90C8FD1E5D3C3F00C1C61F /* Attachement.h */,
				ED90C8FE1E5D3C3F00C1C61F /* Attachement.m */,
				ED90C9001E5D3C4900C1C61F /* Comments.h */,
				ED90C9011E5D3C4900C1C61F /* Comments.m */,
				ED90C9031E5D3C5400C1C61F /* Like.h */,
				ED90C9041E5D3C5400C1C61F /* Like.m */,
				ED90C9061E5D4FB500C1C61F /* Post.h */,
				ED90C9071E5D4FB500C1C61F /* Post.m */,
				ED90C8F71E5D385800C1C61F /* FeedManager.h */,
				ED90C8F81E5D385800C1C61F /* FeedManager.m */,
				ED90C8E31E5D26AF00C1C61F /* Supporting Files */,
			);
			path = LinkedIn;
			sourceTree = "<group>";
		};
		ED90C8E31E5D26AF00C1C61F /* Supporting Files */ = {
			isa = PBXGroup;
			children = (
				ED90C8E41E5D26AF00C1C61F /* main.m */,
			);
			name = "Supporting Files";
			sourceTree = "<group>";
		};
/* End PBXGroup section */

/* Begin PBXNativeTarget section */
		ED90C8DC1E5D26AE00C1C61F /* LinkedIn */ = {
			isa = PBXNativeTarget;
			buildConfigurationList = ED90C8EE1E5D26AF00C1C61F /* Build configuration list for PBXNativeTarget "LinkedIn" */;
			buildPhases = (
				ED90C8D91E5D26AE00C1C61F /* Sources */,
				ED90C8DA1E5D26AE00C1C61F /* Frameworks */,
				ED90C8DB1E5D26AE00C1C61F /* Resources */,
			);
			buildRules = (
			);
			dependencies = (
			);
			name = LinkedIn;
			productName = LinkedIn;
			productReference = ED90C8DD1E5D26AF00C1C61F /* LinkedIn.app */;
			productType = "com.apple.product-type.application";
		};
/* End PBXNativeTarget section */

/* Begin PBXProject section */
		ED90C8D51E5D26AE00C1C61F /* Project object */ = {
			isa = PBXProject;
			attributes = {
				LastUpgradeCheck = 0820;
				ORGANIZATIONNAME = CICCC;
				TargetAttributes = {
					ED90C8DC1E5D26AE00C1C61F = {
						CreatedOnToolsVersion = 8.2.1;
						DevelopmentTeam = MY9Q5UCLRX;
						ProvisioningStyle = Automatic;
					};
				};
			};
			buildConfigurationList = ED90C8D81E5D26AE00C1C61F /* Build configuration list for PBXProject "LinkedIn" */;
			compatibilityVersion = "Xcode 3.2";
			developmentRegion = English;
			hasScannedForEncodings = 0;
			knownRegions = (
				en,
				Base,
			);
			mainGroup = ED90C8D41E5D26AE00C1C61F;
			productRefGroup = ED90C8DE1E5D26AF00C1C61F /* Products */;
			projectDirPath = "";
			projectRoot = "";
			targets = (
				ED90C8DC1E5D26AE00C1C61F /* LinkedIn */,
			);
		};
/* End PBXProject section */

/* Begin PBXResourcesBuildPhase section */
		ED90C8DB1E5D26AE00C1C61F /* Resources */ = {
			isa = PBXResourcesBuildPhase;
			buildActionMask = 2147483647;
			files = (
				ED90C8EA1E5D26AF00C1C61F /* MainMenu.xib in Resources */,
			);
			runOnlyForDeploymentPostprocessing = 0;
		};
/* End PBXResourcesBuildPhase section */

/* Begin PBXSourcesBuildPhase section */
		ED90C8D91E5D26AE00C1C61F /* Sources */ = {
			isa = PBXSourcesBuildPhase;
			buildActionMask = 2147483647;
			files = (
				ED90C9021E5D3C4900C1C61F /* Comments.m in Sources */,
				ED90C8FF1E5D3C3F00C1C61F /* Attachement.m in Sources */,
				ED90C8FC1E5D3B7F00C1C61F /* User.m in Sources */,
				ED90C8F61E5D2F3A00C1C61F /* Profile.m in Sources */,
				ED90C9081E5D4FB500C1C61F /* Post.m in Sources */,
				ED90C8E51E5D26AF00C1C61F /* main.m in Sources */,
				ED90C8F31E5D283600C1C61F /* Account.m in Sources */,
				ED90C9051E5D3C5400C1C61F /* Like.m in Sources */,
				ED90C8F91E5D385800C1C61F /* FeedManager.m in Sources */,
			);
			runOnlyForDeploymentPostprocessing = 0;
		};
/* End PBXSourcesBuildPhase section */

/* Begin PBXVariantGroup section */
		ED90C8E81E5D26AF00C1C61F /* MainMenu.xib */ = {
			isa = PBXVariantGroup;
			children = (
				ED90C8E91E5D26AF00C1C61F /* Base */,
			);
			name = MainMenu.xib;
			sourceTree = "<group>";
		};
/* End PBXVariantGroup section */

/* Begin XCBuildConfiguration section */
		ED90C8EC1E5D26AF00C1C61F /* Debug */ = {
			isa = XCBuildConfiguration;
			buildSettings = {
				ALWAYS_SEARCH_USER_PATHS = NO;
				CLANG_ANALYZER_NONNULL = YES;
				CLANG_CXX_LANGUAGE_STANDARD = "gnu++0x";
				CLANG_CXX_LIBRARY = "libc++";
				CLANG_ENABLE_MODULES = YES;
				CLANG_ENABLE_OBJC_ARC = YES;
				CLANG_WARN_BOOL_CONVERSION = YES;
				CLANG_WARN_CONSTANT_CONVERSION = YES;
				CLANG_WARN_DIRECT_OBJC_ISA_USAGE = YES_ERROR;
				CLANG_WARN_DOCUMENTATION_COMMENTS = YES;
				CLANG_WARN_EMPTY_BODY = YES;
				CLANG_WARN_ENUM_CONVERSION = YES;
				CLANG_WARN_INFINITE_RECURSION = YES;
				CLANG_WARN_INT_CONVERSION = YES;
				CLANG_WARN_OBJC_ROOT_CLASS = YES_ERROR;
				CLANG_WARN_SUSPICIOUS_MOVE = YES;
				CLANG_WARN_UNREACHABLE_CODE = YES;
				CLANG_WARN__DUPLICATE_METHOD_MATCH = YES;
				CODE_SIGN_IDENTITY = "-";
				COPY_PHASE_STRIP = NO;
				DEBUG_INFORMATION_FORMAT = dwarf;
				ENABLE_STRICT_OBJC_MSGSEND = YES;
				ENABLE_TESTABILITY = YES;
				GCC_C_LANGUAGE_STANDARD = gnu99;
				GCC_DYNAMIC_NO_PIC = NO;
				GCC_NO_COMMON_BLOCKS = YES;
				GCC_OPTIMIZATION_LEVEL = 0;
				GCC_PREPROCESSOR_DEFINITIONS = (
					"DEBUG=1",
					"$(inherited)",
				);
				GCC_WARN_64_TO_32_BIT_CONVERSION = YES;
				GCC_WARN_ABOUT_RETURN_TYPE = YES_ERROR;
				GCC_WARN_UNDECLARED_SELECTOR = YES;
				GCC_WARN_UNINITIALIZED_AUTOS = YES_AGGRESSIVE;
				GCC_WARN_UNUSED_FUNCTION = YES;
				GCC_WARN_UNUSED_VARIABLE = YES;
				MACOSX_DEPLOYMENT_TARGET = 10.11;
				MTL_ENABLE_DEBUG_INFO = YES;
				ONLY_ACTIVE_ARCH = YES;
				SDKROOT = macosx;
			};
			name = Debug;
		};
		ED90C8ED1E5D26AF00C1C61F /* Release */ = {
			isa = XCBuildConfiguration;
			buildSettings = {
				ALWAYS_SEARCH_USER_PATHS = NO;
				CLANG_ANALYZER_NONNULL = YES;
				CLANG_CXX_LANGUAGE_STANDARD = "gnu++0x";
				CLANG_CXX_LIBRARY = "libc++";
				CLANG_ENABLE_MODULES = YES;
				CLANG_ENABLE_OBJC_ARC = YES;
				CLANG_WARN_BOOL_CONVERSION = YES;
				CLANG_WARN_CONSTANT_CONVERSION = YES;
				CLANG_WARN_DIRECT_OBJC_ISA_USAGE = YES_ERROR;
				CLANG_WARN_DOCUMENTATION_COMMENTS = YES;
				CLANG_WARN_EMPTY_BODY = YES;
				CLANG_WARN_ENUM_CONVERSION = YES;
				CLANG_WARN_INFINITE_RECURSION = YES;
				CLANG_WARN_INT_CONVERSION = YES;
				CLANG_WARN_OBJC_ROOT_CLASS = YES_ERROR;
				CLANG_WARN_SUSPICIOUS_MOVE = YES;
				CLANG_WARN_UNREACHABLE_CODE = YES;
				CLANG_WARN__DUPLICATE_METHOD_MATCH = YES;
				CODE_SIGN_IDENTITY = "-";
				COPY_PHASE_STRIP = NO;
				DEBUG_INFORMATION_FORMAT = "dwarf-with-dsym";
				ENABLE_NS_ASSERTIONS = NO;
				ENABLE_STRICT_OBJC_MSGSEND = YES;
				GCC_C_LANGUAGE_STANDARD = gnu99;
				GCC_NO_COMMON_BLOCKS = YES;
				GCC_WARN_64_TO_32_BIT_CONVERSION = YES;
				GCC_WARN_ABOUT_RETURN_TYPE = YES_ERROR;
				GCC_WARN_UNDECLARED_SELECTOR = YES;
				GCC_WARN_UNINITIALIZED_AUTOS = YES_AGGRESSIVE;
				GCC_WARN_UNUSED_FUNCTION = YES;
				GCC_WARN_UNUSED_VARIABLE = YES;
				MACOSX_DEPLOYMENT_TARGET = 10.11;
				MTL_ENABLE_DEBUG_INFO = NO;
				SDKROOT = macosx;
			};
			name = Release;
		};
		ED90C8EF1E5D26AF00C1C61F /* Debug */ = {
			isa = XCBuildConfiguration;
			buildSettings = {
				ASSETCATALOG_COMPILER_APPICON_NAME = AppIcon;
				COMBINE_HIDPI_IMAGES = YES;
				DEVELOPMENT_TEAM = MY9Q5UCLRX;
				INFOPLIST_FILE = LinkedIn/Info.plist;
				LD_RUNPATH_SEARCH_PATHS = "$(inherited) @executable_path/../Frameworks";
				PRODUCT_BUNDLE_IDENTIFIER = ca.CICCC.LinkedIn;
				PRODUCT_NAME = "$(TARGET_NAME)";
			};
			name = Debug;
		};
		ED90C8F01E5D26AF00C1C61F /* Release */ = {
			isa = XCBuildConfiguration;
			buildSettings = {
				ASSETCATALOG_COMPILER_APPICON_NAME = AppIcon;
				COMBINE_HIDPI_IMAGES = YES;
				DEVELOPMENT_TEAM = MY9Q5UCLRX;
				INFOPLIST_FILE = LinkedIn/Info.plist;
				LD_RUNPATH_SEARCH_PATHS = "$(inherited) @executable_path/../Frameworks";
				PRODUCT_BUNDLE_IDENTIFIER = ca.CICCC.LinkedIn;
				PRODUCT_NAME = "$(TARGET_NAME)";
			};
			name = Release;
		};
/* End XCBuildConfiguration section */

/* Begin XCConfigurationList section */
		ED90C8D81E5D26AE00C1C61F /* Build configuration list for PBXProject "LinkedIn" */ = {
			isa = XCConfigurationList;
			buildConfigurations = (
				ED90C8EC1E5D26AF00C1C61F /* Debug */,
				ED90C8ED1E5D26AF00C1C61F /* Release */,
			);
			defaultConfigurationIsVisible = 0;
			defaultConfigurationName = Release;
		};
		ED90C8EE1E5D26AF00C1C61F /* Build configuration list for PBXNativeTarget "LinkedIn" */ = {
			isa = XCConfigurationList;
			buildConfigurations = (
				ED90C8EF1E5D26AF00C1C61F /* Debug */,
				ED90C8F01E5D26AF00C1C61F /* Release */,
			);
			defaultConfigurationIsVisible = 0;
		};
/* End XCConfigurationList section */
	};
	rootObject = ED90C8D51E5D26AE00C1C61F /* Project object */;
}
