// !$*UTF8*$!
{
	archiveVersion = 1;
	classes = {
	};
	objectVersion = 46;
	objects = {

/* Begin PBXBuildFile section */
		ED3F05BB1E56AE24001067FC /* main.m in Sources */ = {isa = PBXBuildFile; fileRef = ED3F05BA1E56AE24001067FC /* main.m */; };
		ED3F05BE1E56AE24001067FC /* AppDelegate.m in Sources */ = {isa = PBXBuildFile; fileRef = ED3F05BD1E56AE24001067FC /* AppDelegate.m */; };
		ED3F05C11E56AE24001067FC /* ViewController.m in Sources */ = {isa = PBXBuildFile; fileRef = ED3F05C01E56AE24001067FC /* ViewController.m */; };
		ED3F05C41E56AE24001067FC /* Main.storyboard in Resources */ = {isa = PBXBuildFile; fileRef = ED3F05C21E56AE24001067FC /* Main.storyboard */; };
		ED3F05C61E56AE24001067FC /* Assets.xcassets in Resources */ = {isa = PBXBuildFile; fileRef = ED3F05C51E56AE24001067FC /* Assets.xcassets */; };
		ED3F05C91E56AE24001067FC /* LaunchScreen.storyboard in Resources */ = {isa = PBXBuildFile; fileRef = ED3F05C71E56AE24001067FC /* LaunchScreen.storyboard */; };
		ED3F05D21E56AE35001067FC /* Student.m in Sources */ = {isa = PBXBuildFile; fileRef = ED3F05D11E56AE35001067FC /* Student.m */; };
/* End PBXBuildFile section */

/* Begin PBXFileReference section */
		ED3F05B61E56AE24001067FC /* opp.app */ = {isa = PBXFileReference; explicitFileType = wrapper.application; includeInIndex = 0; path = opp.app; sourceTree = BUILT_PRODUCTS_DIR; };
		ED3F05BA1E56AE24001067FC /* main.m */ = {isa = PBXFileReference; lastKnownFileType = sourcecode.c.objc; path = main.m; sourceTree = "<group>"; };
		ED3F05BC1E56AE24001067FC /* AppDelegate.h */ = {isa = PBXFileReference; lastKnownFileType = sourcecode.c.h; path = AppDelegate.h; sourceTree = "<group>"; };
		ED3F05BD1E56AE24001067FC /* AppDelegate.m */ = {isa = PBXFileReference; lastKnownFileType = sourcecode.c.objc; path = AppDelegate.m; sourceTree = "<group>"; };
		ED3F05BF1E56AE24001067FC /* ViewController.h */ = {isa = PBXFileReference; lastKnownFileType = sourcecode.c.h; path = ViewController.h; sourceTree = "<group>"; };
		ED3F05C01E56AE24001067FC /* ViewController.m */ = {isa = PBXFileReference; lastKnownFileType = sourcecode.c.objc; path = ViewController.m; sourceTree = "<group>"; };
		ED3F05C31E56AE24001067FC /* Base */ = {isa = PBXFileReference; lastKnownFileType = file.storyboard; name = Base; path = Base.lproj/Main.storyboard; sourceTree = "<group>"; };
		ED3F05C51E56AE24001067FC /* Assets.xcassets */ = {isa = PBXFileReference; lastKnownFileType = folder.assetcatalog; path = Assets.xcassets; sourceTree = "<group>"; };
		ED3F05C81E56AE24001067FC /* Base */ = {isa = PBXFileReference; lastKnownFileType = file.storyboard; name = Base; path = Base.lproj/LaunchScreen.storyboard; sourceTree = "<group>"; };
		ED3F05CA1E56AE24001067FC /* Info.plist */ = {isa = PBXFileReference; lastKnownFileType = text.plist.xml; path = Info.plist; sourceTree = "<group>"; };
		ED3F05D01E56AE35001067FC /* Student.h */ = {isa = PBXFileReference; fileEncoding = 4; lastKnownFileType = sourcecode.c.h; path = Student.h; sourceTree = "<group>"; };
		ED3F05D11E56AE35001067FC /* Student.m */ = {isa = PBXFileReference; fileEncoding = 4; lastKnownFileType = sourcecode.c.objc; path = Student.m; sourceTree = "<group>"; };
/* End PBXFileReference section */

/* Begin PBXFrameworksBuildPhase section */
		ED3F05B31E56AE24001067FC /* Frameworks */ = {
			isa = PBXFrameworksBuildPhase;
			buildActionMask = 2147483647;
			files = (
			);
			runOnlyForDeploymentPostprocessing = 0;
		};
/* End PBXFrameworksBuildPhase section */

/* Begin PBXGroup section */
		ED3F05AD1E56AE24001067FC = {
			isa = PBXGroup;
			children = (
				ED3F05B81E56AE24001067FC /* opp */,
				ED3F05B71E56AE24001067FC /* Products */,
			);
			sourceTree = "<group>";
		};
		ED3F05B71E56AE24001067FC /* Products */ = {
			isa = PBXGroup;
			children = (
				ED3F05B61E56AE24001067FC /* opp.app */,
			);
			name = Products;
			sourceTree = "<group>";
		};
		ED3F05B81E56AE24001067FC /* opp */ = {
			isa = PBXGroup;
			children = (
				ED3F05BC1E56AE24001067FC /* AppDelegate.h */,
				ED3F05BD1E56AE24001067FC /* AppDelegate.m */,
				ED3F05BF1E56AE24001067FC /* ViewController.h */,
				ED3F05D01E56AE35001067FC /* Student.h */,
				ED3F05D11E56AE35001067FC /* Student.m */,
				ED3F05C01E56AE24001067FC /* ViewController.m */,
				ED3F05C21E56AE24001067FC /* Main.storyboard */,
				ED3F05C51E56AE24001067FC /* Assets.xcassets */,
				ED3F05C71E56AE24001067FC /* LaunchScreen.storyboard */,
				ED3F05CA1E56AE24001067FC /* Info.plist */,
				ED3F05B91E56AE24001067FC /* Supporting Files */,
			);
			path = opp;
			sourceTree = "<group>";
		};
		ED3F05B91E56AE24001067FC /* Supporting Files */ = {
			isa = PBXGroup;
			children = (
				ED3F05BA1E56AE24001067FC /* main.m */,
			);
			name = "Supporting Files";
			sourceTree = "<group>";
		};
/* End PBXGroup section */

/* Begin PBXNativeTarget section */
		ED3F05B51E56AE24001067FC /* opp */ = {
			isa = PBXNativeTarget;
			buildConfigurationList = ED3F05CD1E56AE24001067FC /* Build configuration list for PBXNativeTarget "opp" */;
			buildPhases = (
				ED3F05B21E56AE24001067FC /* Sources */,
				ED3F05B31E56AE24001067FC /* Frameworks */,
				ED3F05B41E56AE24001067FC /* Resources */,
			);
			buildRules = (
			);
			dependencies = (
			);
			name = opp;
			productName = opp;
			productReference = ED3F05B61E56AE24001067FC /* opp.app */;
			productType = "com.apple.product-type.application";
		};
/* End PBXNativeTarget section */

/* Begin PBXProject section */
		ED3F05AE1E56AE24001067FC /* Project object */ = {
			isa = PBXProject;
			attributes = {
				LastUpgradeCheck = 0820;
				ORGANIZATIONNAME = CICCC;
				TargetAttributes = {
					ED3F05B51E56AE24001067FC = {
						CreatedOnToolsVersion = 8.2.1;
						DevelopmentTeam = MY9Q5UCLRX;
						ProvisioningStyle = Automatic;
					};
				};
			};
			buildConfigurationList = ED3F05B11E56AE24001067FC /* Build configuration list for PBXProject "opp" */;
			compatibilityVersion = "Xcode 3.2";
			developmentRegion = English;
			hasScannedForEncodings = 0;
			knownRegions = (
				en,
				Base,
			);
			mainGroup = ED3F05AD1E56AE24001067FC;
			productRefGroup = ED3F05B71E56AE24001067FC /* Products */;
			projectDirPath = "";
			projectRoot = "";
			targets = (
				ED3F05B51E56AE24001067FC /* opp */,
			);
		};
/* End PBXProject section */

/* Begin PBXResourcesBuildPhase section */
		ED3F05B41E56AE24001067FC /* Resources */ = {
			isa = PBXResourcesBuildPhase;
			buildActionMask = 2147483647;
			files = (
				ED3F05C91E56AE24001067FC /* LaunchScreen.storyboard in Resources */,
				ED3F05C61E56AE24001067FC /* Assets.xcassets in Resources */,
				ED3F05C41E56AE24001067FC /* Main.storyboard in Resources */,
			);
			runOnlyForDeploymentPostprocessing = 0;
		};
/* End PBXResourcesBuildPhase section */

/* Begin PBXSourcesBuildPhase section */
		ED3F05B21E56AE24001067FC /* Sources */ = {
			isa = PBXSourcesBuildPhase;
			buildActionMask = 2147483647;
			files = (
				ED3F05C11E56AE24001067FC /* ViewController.m in Sources */,
				ED3F05BE1E56AE24001067FC /* AppDelegate.m in Sources */,
				ED3F05BB1E56AE24001067FC /* main.m in Sources */,
				ED3F05D21E56AE35001067FC /* Student.m in Sources */,
			);
			runOnlyForDeploymentPostprocessing = 0;
		};
/* End PBXSourcesBuildPhase section */

/* Begin PBXVariantGroup section */
		ED3F05C21E56AE24001067FC /* Main.storyboard */ = {
			isa = PBXVariantGroup;
			children = (
				ED3F05C31E56AE24001067FC /* Base */,
			);
			name = Main.storyboard;
			sourceTree = "<group>";
		};
		ED3F05C71E56AE24001067FC /* LaunchScreen.storyboard */ = {
			isa = PBXVariantGroup;
			children = (
				ED3F05C81E56AE24001067FC /* Base */,
			);
			name = LaunchScreen.storyboard;
			sourceTree = "<group>";
		};
/* End PBXVariantGroup section */

/* Begin XCBuildConfiguration section */
		ED3F05CB1E56AE24001067FC /* Debug */ = {
			isa = XCBuildConfiguration;
			buildSettings = {
				ALWAYS_SEARCH_USER_PATHS = NO;
				CLANG_ANALYZER_NONNULL = YES;
				CLANG_CXX_LANGUAGE_STANDARD = "gnu++0x";
				CLANG_CXX_LIBRARY = "libc++";
				CLANG_ENABLE_MODULES = YES;
				CLANG_ENABLE_OBJC_ARC = YES;
				CLANG_WARN_BOOL_CONVERSION = YES;
				CLANG_WARN_CONSTANT_CONVERSION = YES;
				CLANG_WARN_DIRECT_OBJC_ISA_USAGE = YES_ERROR;
				CLANG_WARN_DOCUMENTATION_COMMENTS = YES;
				CLANG_WARN_EMPTY_BODY = YES;
				CLANG_WARN_ENUM_CONVERSION = YES;
				CLANG_WARN_INFINITE_RECURSION = YES;
				CLANG_WARN_INT_CONVERSION = YES;
				CLANG_WARN_OBJC_ROOT_CLASS = YES_ERROR;
				CLANG_WARN_SUSPICIOUS_MOVE = YES;
				CLANG_WARN_UNREACHABLE_CODE = YES;
				CLANG_WARN__DUPLICATE_METHOD_MATCH = YES;
				"CODE_SIGN_IDENTITY[sdk=iphoneos*]" = "iPhone Developer";
				COPY_PHASE_STRIP = NO;
				DEBUG_INFORMATION_FORMAT = dwarf;
				ENABLE_STRICT_OBJC_MSGSEND = YES;
				ENABLE_TESTABILITY = YES;
				GCC_C_LANGUAGE_STANDARD = gnu99;
				GCC_DYNAMIC_NO_PIC = NO;
				GCC_NO_COMMON_BLOCKS = YES;
				GCC_OPTIMIZATION_LEVEL = 0;
				GCC_PREPROCESSOR_DEFINITIONS = (
					"DEBUG=1",
					"$(inherited)",
				);
				GCC_WARN_64_TO_32_BIT_CONVERSION = YES;
				GCC_WARN_ABOUT_RETURN_TYPE = YES_ERROR;
				GCC_WARN_UNDECLARED_SELECTOR = YES;
				GCC_WARN_UNINITIALIZED_AUTOS = YES_AGGRESSIVE;
				GCC_WARN_UNUSED_FUNCTION = YES;
				GCC_WARN_UNUSED_VARIABLE = YES;
				IPHONEOS_DEPLOYMENT_TARGET = 10.2;
				MTL_ENABLE_DEBUG_INFO = YES;
				ONLY_ACTIVE_ARCH = YES;
				SDKROOT = iphoneos;
				TARGETED_DEVICE_FAMILY = "1,2";
			};
			name = Debug;
		};
		ED3F05CC1E56AE24001067FC /* Release */ = {
			isa = XCBuildConfiguration;
			buildSettings = {
				ALWAYS_SEARCH_USER_PATHS = NO;
				CLANG_ANALYZER_NONNULL = YES;
				CLANG_CXX_LANGUAGE_STANDARD = "gnu++0x";
				CLANG_CXX_LIBRARY = "libc++";
				CLANG_ENABLE_MODULES = YES;
				CLANG_ENABLE_OBJC_ARC = YES;
				CLANG_WARN_BOOL_CONVERSION = YES;
				CLANG_WARN_CONSTANT_CONVERSION = YES;
				CLANG_WARN_DIRECT_OBJC_ISA_USAGE = YES_ERROR;
				CLANG_WARN_DOCUMENTATION_COMMENTS = YES;
				CLANG_WARN_EMPTY_BODY = YES;
				CLANG_WARN_ENUM_CONVERSION = YES;
				CLANG_WARN_INFINITE_RECURSION = YES;
				CLANG_WARN_INT_CONVERSION = YES;
				CLANG_WARN_OBJC_ROOT_CLASS = YES_ERROR;
				CLANG_WARN_SUSPICIOUS_MOVE = YES;
				CLANG_WARN_UNREACHABLE_CODE = YES;
				CLANG_WARN__DUPLICATE_METHOD_MATCH = YES;
				"CODE_SIGN_IDENTITY[sdk=iphoneos*]" = "iPhone Developer";
				COPY_PHASE_STRIP = NO;
				DEBUG_INFORMATION_FORMAT = "dwarf-with-dsym";
				ENABLE_NS_ASSERTIONS = NO;
				ENABLE_STRICT_OBJC_MSGSEND = YES;
				GCC_C_LANGUAGE_STANDARD = gnu99;
				GCC_NO_COMMON_BLOCKS = YES;
				GCC_WARN_64_TO_32_BIT_CONVERSION = YES;
				GCC_WARN_ABOUT_RETURN_TYPE = YES_ERROR;
				GCC_WARN_UNDECLARED_SELECTOR = YES;
				GCC_WARN_UNINITIALIZED_AUTOS = YES_AGGRESSIVE;
				GCC_WARN_UNUSED_FUNCTION = YES;
				GCC_WARN_UNUSED_VARIABLE = YES;
				IPHONEOS_DEPLOYMENT_TARGET = 10.2;
				MTL_ENABLE_DEBUG_INFO = NO;
				SDKROOT = iphoneos;
				TARGETED_DEVICE_FAMILY = "1,2";
				VALIDATE_PRODUCT = YES;
			};
			name = Release;
		};
		ED3F05CE1E56AE24001067FC /* Debug */ = {
			isa = XCBuildConfiguration;
			buildSettings = {
				ASSETCATALOG_COMPILER_APPICON_NAME = AppIcon;
				DEVELOPMENT_TEAM = MY9Q5UCLRX;
				INFOPLIST_FILE = opp/Info.plist;
				LD_RUNPATH_SEARCH_PATHS = "$(inherited) @executable_path/Frameworks";
				PRODUCT_BUNDLE_IDENTIFIER = ca.CICCC.opp;
				PRODUCT_NAME = "$(TARGET_NAME)";
			};
			name = Debug;
		};
		ED3F05CF1E56AE24001067FC /* Release */ = {
			isa = XCBuildConfiguration;
			buildSettings = {
				ASSETCATALOG_COMPILER_APPICON_NAME = AppIcon;
				DEVELOPMENT_TEAM = MY9Q5UCLRX;
				INFOPLIST_FILE = opp/Info.plist;
				LD_RUNPATH_SEARCH_PATHS = "$(inherited) @executable_path/Frameworks";
				PRODUCT_BUNDLE_IDENTIFIER = ca.CICCC.opp;
				PRODUCT_NAME = "$(TARGET_NAME)";
			};
			name = Release;
		};
/* End XCBuildConfiguration section */

/* Begin XCConfigurationList section */
		ED3F05B11E56AE24001067FC /* Build configuration list for PBXProject "opp" */ = {
			isa = XCConfigurationList;
			buildConfigurations = (
				ED3F05CB1E56AE24001067FC /* Debug */,
				ED3F05CC1E56AE24001067FC /* Release */,
			);
			defaultConfigurationIsVisible = 0;
			defaultConfigurationName = Release;
		};
		ED3F05CD1E56AE24001067FC /* Build configuration list for PBXNativeTarget "opp" */ = {
			isa = XCConfigurationList;
			buildConfigurations = (
				ED3F05CE1E56AE24001067FC /* Debug */,
				ED3F05CF1E56AE24001067FC /* Release */,
			);
			defaultConfigurationIsVisible = 0;
		};
/* End XCConfigurationList section */
	};
	rootObject = ED3F05AE1E56AE24001067FC /* Project object */;
}
